
Microsoft Visual Studio Solution File, Format Version 12.00
# Visual Studio Version 16
VisualStudioVersion = 16.0.30907.101
MinimumVisualStudioVersion = 10.0.40219.1
Project("{FAE04EC0-301F-11D3-BF4B-00C04F79EFBC}") = "MastersHelperLibrary", "MastersHelperLibrary\MastersHelperLibrary.csproj", "{0D592340-450C-4859-AAD0-9B58D73A010B}"
EndProject
Global
	GlobalSection(SolutionConfigurationPlatforms) = preSolution
		Debug|Any CPU = Debug|Any CPU
		Release|Any CPU = Release|Any CPU
	EndGlobalSection
	GlobalSection(ProjectConfigurationPlatforms) = postSolution
		{0D592340-450C-4859-AAD0-9B58D73A010B}.Debug|Any CPU.ActiveCfg = Debug|Any CPU
		{0D592340-450C-4859-AAD0-9B58D73A010B}.Debug|Any CPU.Build.0 = Debug|Any CPU
		{0D592340-450C-4859-AAD0-9B58D73A010B}.Release|Any CPU.ActiveCfg = Release|Any CPU
		{0D592340-450C-4859-AAD0-9B58D73A010B}.Release|Any CPU.Build.0 = Release|Any CPU
	EndGlobalSection
	GlobalSection(SolutionProperties) = preSolution
		HideSolutionNode = FALSE
	EndGlobalSection
	GlobalSection(ExtensibilityGlobals) = postSolution
		SolutionGuid = {D90BACB3-2119-4746-AA51-CAC3DC33D44B}
	EndGlobalSection
EndGlobal
